
Microsoft Visual Studio Solution File, Format Version 12.00
# Visual Studio Version 17
VisualStudioVersion = 17.5.33414.496
MinimumVisualStudioVersion = 10.0.40219.1
Project("{8BC9CEB8-8B4A-11D0-8D11-00A0C91BC942}") = "gyak3", "gyak3\gyak3.vcxproj", "{921623D4-E724-4082-9CCA-3579D5E6353E}"
EndProject
Project("{8BC9CEB8-8B4A-11D0-8D11-00A0C91BC942}") = "gyak2", "gyak2\Prog1_Project.vcxproj", "{4A7CC5C6-4367-4202-9A3F-973F5A12A292}"
EndProject
Project("{8BC9CEB8-8B4A-11D0-8D11-00A0C91BC942}") = "maxmem", "maxmem\maxmem.vcxproj", "{07233EAB-B417-47B3-B5DF-41E8694C664D}"
EndProject
Project("{8BC9CEB8-8B4A-11D0-8D11-00A0C91BC942}") = "gyak4", "gyak4\gyak4.vcxproj", "{34B2B419-8651-4EFB-8221-A6259B471E11}"
EndProject
Project("{8BC9CEB8-8B4A-11D0-8D11-00A0C91BC942}") = "gyak6", "gyak6\gyak6.vcxproj", "{F8C9D925-C874-46CC-A6C0-DD812BDA5FFB}"
EndProject
Project("{8BC9CEB8-8B4A-11D0-8D11-00A0C91BC942}") = "gyak7", "gyak7\gyak7.vcxproj", "{9C618FE6-5112-4BC8-8862-38927EEDD875}"
EndProject
Project("{8BC9CEB8-8B4A-11D0-8D11-00A0C91BC942}") = "gyak8", "gyak8\gyak8.vcxproj", "{03FF33F0-153F-435C-943E-8ECD4CC9A3BA}"
EndProject
Global
	GlobalSection(SolutionConfigurationPlatforms) = preSolution
		Debug|x64 = Debug|x64
		Debug|x86 = Debug|x86
		Release|x64 = Release|x64
		Release|x86 = Release|x86
	EndGlobalSection
	GlobalSection(ProjectConfigurationPlatforms) = postSolution
		{921623D4-E724-4082-9CCA-3579D5E6353E}.Debug|x64.ActiveCfg = Debug|x64
		{921623D4-E724-4082-9CCA-3579D5E6353E}.Debug|x64.Build.0 = Debug|x64
		{921623D4-E724-4082-9CCA-3579D5E6353E}.Debug|x86.ActiveCfg = Debug|Win32
		{921623D4-E724-4082-9CCA-3579D5E6353E}.Debug|x86.Build.0 = Debug|Win32
		{921623D4-E724-4082-9CCA-3579D5E6353E}.Release|x64.ActiveCfg = Release|x64
		{921623D4-E724-4082-9CCA-3579D5E6353E}.Release|x64.Build.0 = Release|x64
		{921623D4-E724-4082-9CCA-3579D5E6353E}.Release|x86.ActiveCfg = Release|Win32
		{921623D4-E724-4082-9CCA-3579D5E6353E}.Release|x86.Build.0 = Release|Win32
		{4A7CC5C6-4367-4202-9A3F-973F5A12A292}.Debug|x64.ActiveCfg = Debug|x64
		{4A7CC5C6-4367-4202-9A3F-973F5A12A292}.Debug|x64.Build.0 = Debug|x64
		{4A7CC5C6-4367-4202-9A3F-973F5A12A292}.Debug|x86.ActiveCfg = Debug|Win32
		{4A7CC5C6-4367-4202-9A3F-973F5A12A292}.Debug|x86.Build.0 = Debug|Win32
		{4A7CC5C6-4367-4202-9A3F-973F5A12A292}.Release|x64.ActiveCfg = Release|x64
		{4A7CC5C6-4367-4202-9A3F-973F5A12A292}.Release|x64.Build.0 = Release|x64
		{4A7CC5C6-4367-4202-9A3F-973F5A12A292}.Release|x86.ActiveCfg = Release|Win32
		{4A7CC5C6-4367-4202-9A3F-973F5A12A292}.Release|x86.Build.0 = Release|Win32
		{07233EAB-B417-47B3-B5DF-41E8694C664D}.Debug|x64.ActiveCfg = Debug|x64
		{07233EAB-B417-47B3-B5DF-41E8694C664D}.Debug|x64.Build.0 = Debug|x64
		{07233EAB-B417-47B3-B5DF-41E8694C664D}.Debug|x86.ActiveCfg = Debug|Win32
		{07233EAB-B417-47B3-B5DF-41E8694C664D}.Debug|x86.Build.0 = Debug|Win32
		{07233EAB-B417-47B3-B5DF-41E8694C664D}.Release|x64.ActiveCfg = Release|x64
		{07233EAB-B417-47B3-B5DF-41E8694C664D}.Release|x64.Build.0 = Release|x64
		{07233EAB-B417-47B3-B5DF-41E8694C664D}.Release|x86.ActiveCfg = Release|Win32
		{07233EAB-B417-47B3-B5DF-41E8694C664D}.Release|x86.Build.0 = Release|Win32
		{34B2B419-8651-4EFB-8221-A6259B471E11}.Debug|x64.ActiveCfg = Debug|x64
		{34B2B419-8651-4EFB-8221-A6259B471E11}.Debug|x64.Build.0 = Debug|x64
		{34B2B419-8651-4EFB-8221-A6259B471E11}.Debug|x86.ActiveCfg = Debug|Win32
		{34B2B419-8651-4EFB-8221-A6259B471E11}.Debug|x86.Build.0 = Debug|Win32
		{34B2B419-8651-4EFB-8221-A6259B471E11}.Release|x64.ActiveCfg = Release|x64
		{34B2B419-8651-4EFB-8221-A6259B471E11}.Release|x64.Build.0 = Release|x64
		{34B2B419-8651-4EFB-8221-A6259B471E11}.Release|x86.ActiveCfg = Release|Win32
		{34B2B419-8651-4EFB-8221-A6259B471E11}.Release|x86.Build.0 = Release|Win32
		{F8C9D925-C874-46CC-A6C0-DD812BDA5FFB}.Debug|x64.ActiveCfg = Debug|x64
		{F8C9D925-C874-46CC-A6C0-DD812BDA5FFB}.Debug|x64.Build.0 = Debug|x64
		{F8C9D925-C874-46CC-A6C0-DD812BDA5FFB}.Debug|x86.ActiveCfg = Debug|Win32
		{F8C9D925-C874-46CC-A6C0-DD812BDA5FFB}.Debug|x86.Build.0 = Debug|Win32
		{F8C9D925-C874-46CC-A6C0-DD812BDA5FFB}.Release|x64.ActiveCfg = Release|x64
		{F8C9D925-C874-46CC-A6C0-DD812BDA5FFB}.Release|x64.Build.0 = Release|x64
		{F8C9D925-C874-46CC-A6C0-DD812BDA5FFB}.Release|x86.ActiveCfg = Release|Win32
		{F8C9D925-C874-46CC-A6C0-DD812BDA5FFB}.Release|x86.Build.0 = Release|Win32
		{9C618FE6-5112-4BC8-8862-38927EEDD875}.Debug|x64.ActiveCfg = Debug|x64
		{9C618FE6-5112-4BC8-8862-38927EEDD875}.Debug|x64.Build.0 = Debug|x64
		{9C618FE6-5112-4BC8-8862-38927EEDD875}.Debug|x86.ActiveCfg = Debug|Win32
		{9C618FE6-5112-4BC8-8862-38927EEDD875}.Debug|x86.Build.0 = Debug|Win32
		{9C618FE6-5112-4BC8-8862-38927EEDD875}.Release|x64.ActiveCfg = Release|x64
		{9C618FE6-5112-4BC8-8862-38927EEDD875}.Release|x64.Build.0 = Release|x64
		{9C618FE6-5112-4BC8-8862-38927EEDD875}.Release|x86.ActiveCfg = Release|Win32
		{9C618FE6-5112-4BC8-8862-38927EEDD875}.Release|x86.Build.0 = Release|Win32
		{03FF33F0-153F-435C-943E-8ECD4CC9A3BA}.Debug|x64.ActiveCfg = Debug|x64
		{03FF33F0-153F-435C-943E-8ECD4CC9A3BA}.Debug|x64.Build.0 = Debug|x64
		{03FF33F0-153F-435C-943E-8ECD4CC9A3BA}.Debug|x86.ActiveCfg = Debug|Win32
		{03FF33F0-153F-435C-943E-8ECD4CC9A3BA}.Debug|x86.Build.0 = Debug|Win32
		{03FF33F0-153F-435C-943E-8ECD4CC9A3BA}.Release|x64.ActiveCfg = Release|x64
		{03FF33F0-153F-435C-943E-8ECD4CC9A3BA}.Release|x64.Build.0 = Release|x64
		{03FF33F0-153F-435C-943E-8ECD4CC9A3BA}.Release|x86.ActiveCfg = Release|Win32
		{03FF33F0-153F-435C-943E-8ECD4CC9A3BA}.Release|x86.Build.0 = Release|Win32
	EndGlobalSection
	GlobalSection(SolutionProperties) = preSolution
		HideSolutionNode = FALSE
	EndGlobalSection
	GlobalSection(ExtensibilityGlobals) = postSolution
		SolutionGuid = {8677036F-36B6-41B6-913E-5BDD722EC546}
	EndGlobalSection
EndGlobal
